
Microsoft Visual Studio Solution File, Format Version 12.00
# Visual Studio Version 17
VisualStudioVersion = 17.9.34728.123
MinimumVisualStudioVersion = 10.0.40219.1
Project("{FAE04EC0-301F-11D3-BF4B-00C04F79EFBC}") = "ToDoConsoleApp", "ToDoConsoleApp\ToDoConsoleApp.csproj", "{6236AF51-D59D-41CE-ACC9-5E55DBEE209B}"
EndProject
Global
	GlobalSection(SolutionConfigurationPlatforms) = preSolution
		Debug|Any CPU = Debug|Any CPU
		Release|Any CPU = Release|Any CPU
	EndGlobalSection
	GlobalSection(ProjectConfigurationPlatforms) = postSolution
		{6236AF51-D59D-41CE-ACC9-5E55DBEE209B}.Debug|Any CPU.ActiveCfg = Debug|Any CPU
		{6236AF51-D59D-41CE-ACC9-5E55DBEE209B}.Debug|Any CPU.Build.0 = Debug|Any CPU
		{6236AF51-D59D-41CE-ACC9-5E55DBEE209B}.Release|Any CPU.ActiveCfg = Release|Any CPU
		{6236AF51-D59D-41CE-ACC9-5E55DBEE209B}.Release|Any CPU.Build.0 = Release|Any CPU
	EndGlobalSection
	GlobalSection(SolutionProperties) = preSolution
		HideSolutionNode = FALSE
	EndGlobalSection
	GlobalSection(ExtensibilityGlobals) = postSolution
		SolutionGuid = {D454DE96-2FF2-484E-A365-C30F9EE27A30}
	EndGlobalSection
EndGlobal
